{
  "nodes": {
    "askpass-vim": {
      "flake": false,
      "locked": {
        "lastModified": 1683554513,
        "narHash": "sha256-XMZ8zffdU944icxxNP7ebjyeDXz68WTXb/xkDrLuTmY=",
        "owner": "lambdalisue",
        "repo": "askpass.vim",
        "rev": "c40b7e296ad626ffebdf26793236a55c8e3517ca",
        "type": "github"
      },
      "original": {
        "owner": "lambdalisue",
        "repo": "askpass.vim",
        "type": "github"
      }
    },
    "denops-vim": {
      "flake": false,
      "locked": {
        "lastModified": 1734315938,
        "narHash": "sha256-kqvNcCX4wlvb8BVrSF+WD5uGY8zHaS2mp75y8tenMnk=",
        "owner": "vim-denops",
        "repo": "denops.vim",
        "rev": "4ff8f353ee54ee67288c1099242444ccb0ab5b69",
        "type": "github"
      },
      "original": {
        "owner": "vim-denops",
        "repo": "denops.vim",
        "type": "github"
      }
    },
    "flake-utils": {
      "inputs": {
        "systems": "systems"
      },
      "locked": {
        "lastModified": 1731533236,
        "narHash": "sha256-l0KFg5HjrsfsO/JpG+r7fRrqm12kzFHyUHqHCVpMMbI=",
        "owner": "numtide",
        "repo": "flake-utils",
        "rev": "11707dc2f618dd54ca8739b309ec4fc024de578b",
        "type": "github"
      },
      "original": {
        "owner": "numtide",
        "repo": "flake-utils",
        "type": "github"
      }
    },
    "neovim": {
      "flake": false,
      "locked": {
        "lastModified": 1744938310,
        "narHash": "sha256-K+1CyY0PpqGBO3hHOFhXvjk1wNy2SwWBO+pHcbda74I=",
        "owner": "neovim",
        "repo": "neovim",
        "rev": "118759aa6b2698b74792aa482873597007e402b1",
        "type": "github"
      },
      "original": {
        "owner": "neovim",
        "repo": "neovim",
        "type": "github"
      }
    },
    "nil": {
      "inputs": {
        "flake-utils": "flake-utils",
        "nixpkgs": [
          "nixpkgs"
        ],
        "rust-overlay": "rust-overlay"
      },
      "locked": {
        "lastModified": 1741118843,
        "narHash": "sha256-ggXU3RHv6NgWw+vc+HO4/9n0GPufhTIUjVuLci8Za8c=",
        "owner": "oxalica",
        "repo": "nil",
        "rev": "577d160da311cc7f5042038456a0713e9863d09e",
        "type": "github"
      },
      "original": {
        "owner": "oxalica",
        "repo": "nil",
        "type": "github"
      }
    },
    "nixpkgs": {
      "locked": {
        "lastModified": 1744536153,
        "narHash": "sha256-awS2zRgF4uTwrOKwwiJcByDzDOdo3Q1rPZbiHQg/N38=",
        "owner": "NixOS",
        "repo": "nixpkgs",
        "rev": "18dd725c29603f582cf1900e0d25f9f1063dbf11",
        "type": "github"
      },
      "original": {
        "id": "nixpkgs",
        "ref": "nixpkgs-unstable",
        "type": "indirect"
      }
    },
    "popup-menu-nvim": {
      "flake": false,
      "locked": {
        "lastModified": 1592490573,
        "narHash": "sha256-rP6ejKWAt80roYMEUrF7almQZlacgMAcVeICARp7ync=",
        "owner": "kamykn",
        "repo": "popup-menu.nvim",
        "rev": "b618bd0c824a20417d845fa0022327228e6988a2",
        "type": "github"
      },
      "original": {
        "owner": "kamykn",
        "repo": "popup-menu.nvim",
        "type": "github"
      }
    },
    "root": {
      "inputs": {
        "neovim": "neovim",
        "nil": "nil",
        "nixpkgs": "nixpkgs",
        "vim-plugins": "vim-plugins"
      }
    },
    "rust-overlay": {
      "inputs": {
        "nixpkgs": [
          "nil",
          "nixpkgs"
        ]
      },
      "locked": {
        "lastModified": 1741055476,
        "narHash": "sha256-52vwEV0oS2lCnx3c/alOFGglujZTLmObit7K8VblnS8=",
        "owner": "oxalica",
        "repo": "rust-overlay",
        "rev": "aefb7017d710f150970299685e8d8b549d653649",
        "type": "github"
      },
      "original": {
        "owner": "oxalica",
        "repo": "rust-overlay",
        "type": "github"
      }
    },
    "spelunker-vim": {
      "flake": false,
      "locked": {
        "lastModified": 1610467305,
        "narHash": "sha256-/1MN2KU5+rJhjt7FALvvwmTKRk3n29tU/XQdt1Q5OTE=",
        "owner": "kamykn",
        "repo": "spelunker.vim",
        "rev": "a0bc530f62798bbe053905555a4aa9ed713485eb",
        "type": "github"
      },
      "original": {
        "owner": "kamykn",
        "repo": "spelunker.vim",
        "type": "github"
      }
    },
    "systems": {
      "locked": {
        "lastModified": 1681028828,
        "narHash": "sha256-Vy1rq5AaRuLzOxct8nz4T6wlgyUR7zLU309k9mBC768=",
        "owner": "nix-systems",
        "repo": "default",
        "rev": "da67096a3b9bf56a91d16901293e51ba5b49a27e",
        "type": "github"
      },
      "original": {
        "owner": "nix-systems",
        "repo": "default",
        "type": "github"
      }
    },
    "vim-cheatsheet": {
      "flake": false,
      "locked": {
        "lastModified": 1584075720,
        "narHash": "sha256-pqXU/RETzYjw8GnwrWAUu8zVBp6kU0cz8RtlmvHPUT4=",
        "owner": "reireias",
        "repo": "vim-cheatsheet",
        "rev": "35a8d57e53abc210b1baa9377965ffe360b84334",
        "type": "github"
      },
      "original": {
        "owner": "reireias",
        "repo": "vim-cheatsheet",
        "type": "github"
      }
    },
    "vim-dichromatic": {
      "flake": false,
      "locked": {
        "lastModified": 1642340892,
        "narHash": "sha256-1I7vU6kge/JqxkcsWp2dPTXWdF3a30hX7o3zNwV28mM=",
        "owner": "romainl",
        "repo": "vim-dichromatic",
        "rev": "9765a72ce24ddae48afe12c316583a22c82ad812",
        "type": "github"
      },
      "original": {
        "owner": "romainl",
        "repo": "vim-dichromatic",
        "type": "github"
      }
    },
    "vim-emacs-bindings": {
      "flake": false,
      "locked": {
        "lastModified": 1475824257,
        "narHash": "sha256-ZuD+01VXJMSl0AmVZwXTzGfbnHg1fcVJGjnbXfRmcKE=",
        "owner": "kentarosasaki",
        "repo": "vim-emacs-bindings",
        "rev": "a8037ef1b0cc0eca9aca15d4e2cab6d462aa57ee",
        "type": "github"
      },
      "original": {
        "owner": "kentarosasaki",
        "repo": "vim-emacs-bindings",
        "type": "github"
      }
    },
    "vim-emacscommandline": {
      "flake": false,
      "locked": {
        "lastModified": 1511519793,
        "narHash": "sha256-SmcsiUomw2XeQltgMRbRydjEKegbUL0gEbRAXfufz8I=",
        "owner": "houtsnip",
        "repo": "vim-emacscommandline",
        "rev": "3363eeb1f958bd0630448fdaa5f19ba7a834b343",
        "type": "github"
      },
      "original": {
        "owner": "houtsnip",
        "repo": "vim-emacscommandline",
        "type": "github"
      }
    },
    "vim-fugitive-blame-ext": {
      "flake": false,
      "locked": {
        "lastModified": 1593700801,
        "narHash": "sha256-ELUVZJUqN23Z6/HS1Er/Lxuh5X2aFx81PiQ7cxItsJA=",
        "owner": "tommcdo",
        "repo": "vim-fugitive-blame-ext",
        "rev": "0c9355deeb235f89f50e3e9f362469826efcfb6a",
        "type": "github"
      },
      "original": {
        "owner": "tommcdo",
        "repo": "vim-fugitive-blame-ext",
        "type": "github"
      }
    },
    "vim-helm": {
      "flake": false,
      "locked": {
        "lastModified": 1717154070,
        "narHash": "sha256-xrZ8MCuewAN/qIqSrbTuCtZocYZvXSSet26MYrYumxI=",
        "owner": "towolf",
        "repo": "vim-helm",
        "rev": "ae1ebc160d2b9b90108477ab10df7a4fc501e358",
        "type": "github"
      },
      "original": {
        "owner": "towolf",
        "repo": "vim-helm",
        "type": "github"
      }
    },
    "vim-mdx-js": {
      "flake": false,
      "locked": {
        "lastModified": 1551712169,
        "narHash": "sha256-wfYCvw9JVGG8p8PQhRPT6CeGGf2OVz9SR2KQM0LjQhY=",
        "owner": "jxnblk",
        "repo": "vim-mdx-js",
        "rev": "17179d7f2a73172af5f9a8d65b01a3acf12ddd50",
        "type": "github"
      },
      "original": {
        "owner": "jxnblk",
        "repo": "vim-mdx-js",
        "type": "github"
      }
    },
    "vim-plugins": {
      "inputs": {
        "askpass-vim": "askpass-vim",
        "denops-vim": "denops-vim",
        "nixpkgs": [
          "nixpkgs"
        ],
        "popup-menu-nvim": "popup-menu-nvim",
        "spelunker-vim": "spelunker-vim",
        "vim-cheatsheet": "vim-cheatsheet",
        "vim-dichromatic": "vim-dichromatic",
        "vim-emacs-bindings": "vim-emacs-bindings",
        "vim-emacscommandline": "vim-emacscommandline",
        "vim-fugitive-blame-ext": "vim-fugitive-blame-ext",
        "vim-helm": "vim-helm",
        "vim-mdx-js": "vim-mdx-js",
        "vim-precious": "vim-precious",
        "vim-quickrun": "vim-quickrun",
        "vim-textobj-indent": "vim-textobj-indent",
        "vim-textobj-line": "vim-textobj-line",
        "vim-textobj-parameter": "vim-textobj-parameter",
        "vim-textobj-underscore": "vim-textobj-underscore",
        "vim-textobj-uri": "vim-textobj-uri",
        "vim-textobj-word-column": "vim-textobj-word-column",
        "vimdoc-ja": "vimdoc-ja"
      },
      "locked": {
        "lastModified": 1,
        "narHash": "sha256-ru5H5RDDuXLPBg4UnFFaN2FLFbQIr67IF/1ZDI+HY1o=",
        "path": "./sources",
        "type": "path"
      },
      "original": {
        "path": "./sources",
        "type": "path"
      }
    },
    "vim-precious": {
      "flake": false,
      "locked": {
        "lastModified": 1646921176,
        "narHash": "sha256-C1zyGNvKNy0v+tZ1nBoI4KQ5psoke4vsM2BamtmyP/I=",
        "owner": "osyo-manga",
        "repo": "vim-precious",
        "rev": "8df741e52e3886be9daaac5c02f8eac62168f379",
        "type": "github"
      },
      "original": {
        "owner": "osyo-manga",
        "repo": "vim-precious",
        "type": "github"
      }
    },
    "vim-quickrun": {
      "flake": false,
      "locked": {
        "lastModified": 1720759488,
        "narHash": "sha256-EoE1oc0uOopxjZ0XrfpQm4xK+acmvr6mD2I/9d2e17U=",
        "owner": "thinca",
        "repo": "vim-quickrun",
        "rev": "77b4d6ea9972a206f02c736882c2398c36d2983c",
        "type": "github"
      },
      "original": {
        "owner": "thinca",
        "repo": "vim-quickrun",
        "type": "github"
      }
    },
    "vim-textobj-indent": {
      "flake": false,
      "locked": {
        "lastModified": 1358509589,
        "narHash": "sha256-oFzUPG+IOkbKZ2gU/kduQ3G/LsLDlEjFhRP0BHBE+1Q=",
        "owner": "kana",
        "repo": "vim-textobj-indent",
        "rev": "deb76867c302f933c8f21753806cbf2d8461b548",
        "type": "github"
      },
      "original": {
        "owner": "kana",
        "repo": "vim-textobj-indent",
        "type": "github"
      }
    },
    "vim-textobj-line": {
      "flake": false,
      "locked": {
        "lastModified": 1632786893,
        "narHash": "sha256-h7c6PMg4rJMH1f+NibOuQW/ComTmtCMpkCqntezwKTY=",
        "owner": "kana",
        "repo": "vim-textobj-line",
        "rev": "1a6780d29adcf7e464e8ddbcd0be0a9df1a37339",
        "type": "github"
      },
      "original": {
        "owner": "kana",
        "repo": "vim-textobj-line",
        "type": "github"
      }
    },
    "vim-textobj-parameter": {
      "flake": false,
      "locked": {
        "lastModified": 1494911427,
        "narHash": "sha256-Sq8rV0iToPKCqmTbDeO8UFpNAH53ujfcncIKxXxAg+4=",
        "owner": "sgur",
        "repo": "vim-textobj-parameter",
        "rev": "201144f19a1a7081033b3cf2b088916dd0bcb98c",
        "type": "github"
      },
      "original": {
        "owner": "sgur",
        "repo": "vim-textobj-parameter",
        "type": "github"
      }
    },
    "vim-textobj-underscore": {
      "flake": false,
      "locked": {
        "lastModified": 1457351607,
        "narHash": "sha256-q6WJMrD6B1fJOUpc2M5TPxfMMXrIKqPzkEPGRB2fLik=",
        "owner": "lucapette",
        "repo": "vim-textobj-underscore",
        "rev": "41fcdacaa5c763063a4b4f715cc22962075f22d6",
        "type": "github"
      },
      "original": {
        "owner": "lucapette",
        "repo": "vim-textobj-underscore",
        "type": "github"
      }
    },
    "vim-textobj-uri": {
      "flake": false,
      "locked": {
        "lastModified": 1722505119,
        "narHash": "sha256-NqtF52lbzHr7kMi5lwPVMQleDG3PPIi5IY9ynu97N3w=",
        "owner": "jceb",
        "repo": "vim-textobj-uri",
        "rev": "b2cdf0840ed2e847557738821d25b96f30e8af02",
        "type": "github"
      },
      "original": {
        "owner": "jceb",
        "repo": "vim-textobj-uri",
        "type": "github"
      }
    },
    "vim-textobj-word-column": {
      "flake": false,
      "locked": {
        "lastModified": 1604698550,
        "narHash": "sha256-AEBshQ4bumjWTmXZSbDSI8PB88W+i09A/cieiIJ5cxQ=",
        "owner": "idbrii",
        "repo": "textobj-word-column.vim",
        "rev": "efb8c90c889e286e569565f94bc9311c86dd7fe8",
        "type": "github"
      },
      "original": {
        "owner": "idbrii",
        "repo": "textobj-word-column.vim",
        "type": "github"
      }
    },
    "vimdoc-ja": {
      "flake": false,
      "locked": {
        "lastModified": 1742655660,
        "narHash": "sha256-Vunb/QDlSttcPdSM4F9JDsGqPX+NliEhj9khvbJWrRE=",
        "owner": "vim-jp",
        "repo": "vimdoc-ja",
        "rev": "7f89e228b813a650455cbe169a3b3a3aca07259d",
        "type": "github"
      },
      "original": {
        "owner": "vim-jp",
        "repo": "vimdoc-ja",
        "type": "github"
      }
    }
  },
  "root": "root",
  "version": 7
}
